
Microsoft Visual Studio Solution File, Format Version 12.00
# Visual Studio 2012
Project("{FAE04EC0-301F-11D3-BF4B-00C04F79EFBC}") = "FirstWebApp.WebApp", "FirstWebApp.WebApp\FirstWebApp.WebApp.csproj", "{0893A5DC-FB45-42F6-AB79-EB85C06E3213}"
EndProject
Project("{FAE04EC0-301F-11D3-BF4B-00C04F79EFBC}") = "UnitTests", "UnitTests\UnitTests.csproj", "{CEA12A00-7FAB-4ED2-9546-F93246B9C0CA}"
EndProject
Project("{FAE04EC0-301F-11D3-BF4B-00C04F79EFBC}") = "FirstWebApp.Repository", "FirstWebApp.Repository\FirstWebApp.Repository.csproj", "{61AC9D1D-530C-4CC8-B0D6-6C1B2ABF6421}"
EndProject
Global
	GlobalSection(SolutionConfigurationPlatforms) = preSolution
		Debug|Any CPU = Debug|Any CPU
		Release|Any CPU = Release|Any CPU
	EndGlobalSection
	GlobalSection(ProjectConfigurationPlatforms) = postSolution
		{0893A5DC-FB45-42F6-AB79-EB85C06E3213}.Debug|Any CPU.ActiveCfg = Debug|Any CPU
		{0893A5DC-FB45-42F6-AB79-EB85C06E3213}.Debug|Any CPU.Build.0 = Debug|Any CPU
		{0893A5DC-FB45-42F6-AB79-EB85C06E3213}.Release|Any CPU.ActiveCfg = Release|Any CPU
		{0893A5DC-FB45-42F6-AB79-EB85C06E3213}.Release|Any CPU.Build.0 = Release|Any CPU
		{CEA12A00-7FAB-4ED2-9546-F93246B9C0CA}.Debug|Any CPU.ActiveCfg = Debug|Any CPU
		{CEA12A00-7FAB-4ED2-9546-F93246B9C0CA}.Debug|Any CPU.Build.0 = Debug|Any CPU
		{CEA12A00-7FAB-4ED2-9546-F93246B9C0CA}.Release|Any CPU.ActiveCfg = Release|Any CPU
		{CEA12A00-7FAB-4ED2-9546-F93246B9C0CA}.Release|Any CPU.Build.0 = Release|Any CPU
		{61AC9D1D-530C-4CC8-B0D6-6C1B2ABF6421}.Debug|Any CPU.ActiveCfg = Debug|Any CPU
		{61AC9D1D-530C-4CC8-B0D6-6C1B2ABF6421}.Debug|Any CPU.Build.0 = Debug|Any CPU
		{61AC9D1D-530C-4CC8-B0D6-6C1B2ABF6421}.Release|Any CPU.ActiveCfg = Release|Any CPU
		{61AC9D1D-530C-4CC8-B0D6-6C1B2ABF6421}.Release|Any CPU.Build.0 = Release|Any CPU
	EndGlobalSection
	GlobalSection(SolutionProperties) = preSolution
		HideSolutionNode = FALSE
	EndGlobalSection
EndGlobal
